
Microsoft Visual Studio Solution File, Format Version 12.00
Project("{FAE04EC0-301F-11D3-BF4B-00C04F79EFBC}") = "ImportPythonModule", "ImportPythonModule\ImportPythonModule.csproj", "{AA6074CC-12AC-4163-90DC-491346781463}"
EndProject
Global
	GlobalSection(SolutionConfigurationPlatforms) = preSolution
		Debug|Any CPU = Debug|Any CPU
		Release|Any CPU = Release|Any CPU
	EndGlobalSection
	GlobalSection(ProjectConfigurationPlatforms) = postSolution
		{AA6074CC-12AC-4163-90DC-491346781463}.Debug|Any CPU.ActiveCfg = Debug|Any CPU
		{AA6074CC-12AC-4163-90DC-491346781463}.Debug|Any CPU.Build.0 = Debug|Any CPU
		{AA6074CC-12AC-4163-90DC-491346781463}.Release|Any CPU.ActiveCfg = Release|Any CPU
		{AA6074CC-12AC-4163-90DC-491346781463}.Release|Any CPU.Build.0 = Release|Any CPU
	EndGlobalSection
EndGlobal
